{
  "object": {
    "pins": [
      {
        "package": "Base58Swift",
        "repositoryURL": "https://github.com/mathwallet/Base58Swift.git",
        "state": {
          "branch": null,
          "revision": "04ccae070ac6f3117db11af864a04229f7c1e025",
          "version": "0.0.1"
        }
      },
      {
        "package": "BigInt",
        "repositoryURL": "https://github.com/attaswift/BigInt.git",
        "state": {
          "branch": null,
          "revision": "793a7fac0bfc318e85994bf6900652e827aef33e",
          "version": "5.4.1"
        }
      },
      {
        "package": "BIP39swift",
        "repositoryURL": "https://github.com/mathwallet/BIP39swift",
        "state": {
          "branch": null,
          "revision": "6e654c1fedac7dc3f01443d8bdf108ab6d50245d",
          "version": "1.0.1"
        }
      },
      {
        "package": "CryptoSwift",
        "repositoryURL": "https://github.com/krzyzanowskim/CryptoSwift.git",
        "state": {
          "branch": null,
          "revision": "678d442c6f7828def400a70ae15968aef67ef52d",
          "version": "1.8.3"
        }
      },
      {
        "package": "RIPEMDSwift",
        "repositoryURL": "https://github.com/mathwallet/RIPEMDSwift.git",
        "state": {
          "branch": null,
          "revision": "1a9b1487d1880585c8cc46e26b6d9838184f7858",
          "version": "0.0.1"
        }
      },
      {
        "package": "Secp256k1Swift",
        "repositoryURL": "https://github.com/mathwallet/Secp256k1Swift",
        "state": {
          "branch": null,
          "revision": "3eac0ee49d57eaf0d91d54df876194cdd0c971fe",
          "version": "2.0.0"
        }
      }
    ]
  },
  "version": 1
}
